
Microsoft Visual Studio Solution File, Format Version 12.00
# Visual Studio Version 16
VisualStudioVersion = 16.0.31410.357
MinimumVisualStudioVersion = 10.0.40219.1
Project("{FAE04EC0-301F-11D3-BF4B-00C04F79EFBC}") = "interface", "interface\interface.csproj", "{F1110161-92BA-46FB-BD84-A1127BD504CD}"
EndProject
Global
	GlobalSection(SolutionConfigurationPlatforms) = preSolution
		Debug|Any CPU = Debug|Any CPU
		Release|Any CPU = Release|Any CPU
	EndGlobalSection
	GlobalSection(ProjectConfigurationPlatforms) = postSolution
		{F1110161-92BA-46FB-BD84-A1127BD504CD}.Debug|Any CPU.ActiveCfg = Debug|Any CPU
		{F1110161-92BA-46FB-BD84-A1127BD504CD}.Debug|Any CPU.Build.0 = Debug|Any CPU
		{F1110161-92BA-46FB-BD84-A1127BD504CD}.Release|Any CPU.ActiveCfg = Release|Any CPU
		{F1110161-92BA-46FB-BD84-A1127BD504CD}.Release|Any CPU.Build.0 = Release|Any CPU
	EndGlobalSection
	GlobalSection(SolutionProperties) = preSolution
		HideSolutionNode = FALSE
	EndGlobalSection
	GlobalSection(ExtensibilityGlobals) = postSolution
		SolutionGuid = {6771D505-1DF0-421A-A96A-FEF80FF9D2E0}
	EndGlobalSection
EndGlobal
